// !$*UTF8*$!
{
	archiveVersion = 1;
	classes = {
	};
	objectVersion = 55;
	objects = {

/* Begin PBXBuildFile section */
		D3009FD928ABA3BD00236F44 /* AppDelegate.swift in Sources */ = {isa = PBXBuildFile; fileRef = D3009FD828ABA3BD00236F44 /* AppDelegate.swift */; };
		D3009FDB28ABA3BD00236F44 /* SceneDelegate.swift in Sources */ = {isa = PBXBuildFile; fileRef = D3009FDA28ABA3BD00236F44 /* SceneDelegate.swift */; };
		D3009FE028ABA3BD00236F44 /* Main.storyboard in Resources */ = {isa = PBXBuildFile; fileRef = D3009FDE28ABA3BD00236F44 /* Main.storyboard */; };
		D3009FE328ABA3BD00236F44 /* WeatherApp.xcdatamodeld in Sources */ = {isa = PBXBuildFile; fileRef = D3009FE128ABA3BD00236F44 /* WeatherApp.xcdatamodeld */; };
		D3009FE528ABA3C100236F44 /* Assets.xcassets in Resources */ = {isa = PBXBuildFile; fileRef = D3009FE428ABA3C100236F44 /* Assets.xcassets */; };
		D3009FE828ABA3C100236F44 /* LaunchScreen.storyboard in Resources */ = {isa = PBXBuildFile; fileRef = D3009FE628ABA3C100236F44 /* LaunchScreen.storyboard */; };
		D3009FF028ABAFAE00236F44 /* CurrentWeatherViewController.swift in Sources */ = {isa = PBXBuildFile; fileRef = D3009FEF28ABAFAE00236F44 /* CurrentWeatherViewController.swift */; };
		D3009FF228ABB58B00236F44 /* CurrentWeatherCell.swift in Sources */ = {isa = PBXBuildFile; fileRef = D3009FF128ABB58B00236F44 /* CurrentWeatherCell.swift */; };
		D3009FF428ABC2DE00236F44 /* CurrentWeatherCellModel.swift in Sources */ = {isa = PBXBuildFile; fileRef = D3009FF328ABC2DE00236F44 /* CurrentWeatherCellModel.swift */; };
		D3009FF628ABC32000236F44 /* TableCellModelProtocol.swift in Sources */ = {isa = PBXBuildFile; fileRef = D3009FF528ABC32000236F44 /* TableCellModelProtocol.swift */; };
		D3009FF828ABC7B800236F44 /* DailyWeatherCell.swift in Sources */ = {isa = PBXBuildFile; fileRef = D3009FF728ABC7B800236F44 /* DailyWeatherCell.swift */; };
		D3009FFA28ABC82400236F44 /* DailyWeatherCellModel.swift in Sources */ = {isa = PBXBuildFile; fileRef = D3009FF928ABC82400236F44 /* DailyWeatherCellModel.swift */; };
		D3009FFC28ACC69500236F44 /* TemperaturePerDayCell.swift in Sources */ = {isa = PBXBuildFile; fileRef = D3009FFB28ACC69500236F44 /* TemperaturePerDayCell.swift */; };
		D3009FFE28ACCC8C00236F44 /* TempForTheDayCollectionViewCell.swift in Sources */ = {isa = PBXBuildFile; fileRef = D3009FFD28ACCC8C00236F44 /* TempForTheDayCollectionViewCell.swift */; };
		D300F71328AE1BC3000304B5 /* TempForTheDayCollectionViewCellModel.swift in Sources */ = {isa = PBXBuildFile; fileRef = D300F71228AE1BC3000304B5 /* TempForTheDayCollectionViewCellModel.swift */; };
		D300F71528AE1D63000304B5 /* CollectionCellModelProtocol.swift in Sources */ = {isa = PBXBuildFile; fileRef = D300F71428AE1D63000304B5 /* CollectionCellModelProtocol.swift */; };
		D300F71828AE24C5000304B5 /* ApiError.swift in Sources */ = {isa = PBXBuildFile; fileRef = D300F71728AE24C5000304B5 /* ApiError.swift */; };
		D300F71A28AE2519000304B5 /* ApiServiceError.swift in Sources */ = {isa = PBXBuildFile; fileRef = D300F71928AE2519000304B5 /* ApiServiceError.swift */; };
		D300F71D28AE2646000304B5 /* EndpointProtocol.swift in Sources */ = {isa = PBXBuildFile; fileRef = D300F71C28AE2646000304B5 /* EndpointProtocol.swift */; };
		D300F71F28AE2699000304B5 /* WeatherEndpoint.swift in Sources */ = {isa = PBXBuildFile; fileRef = D300F71E28AE2699000304B5 /* WeatherEndpoint.swift */; };
		D300F72128AE2F09000304B5 /* CurrentWeatherModel.swift in Sources */ = {isa = PBXBuildFile; fileRef = D300F72028AE2F09000304B5 /* CurrentWeatherModel.swift */; };
		D300F72428AE3188000304B5 /* ApiService.swift in Sources */ = {isa = PBXBuildFile; fileRef = D300F72328AE3188000304B5 /* ApiService.swift */; };
		D300F72628AE456F000304B5 /* WeatherService.swift in Sources */ = {isa = PBXBuildFile; fileRef = D300F72528AE456F000304B5 /* WeatherService.swift */; };
		D300F72928AE4A42000304B5 /* ShowErrorAlert.swift in Sources */ = {isa = PBXBuildFile; fileRef = D300F72828AE4A42000304B5 /* ShowErrorAlert.swift */; };
		D3F33EBC28ACD75000FA35C1 /* TemperaturePerDayCellModel.swift in Sources */ = {isa = PBXBuildFile; fileRef = D3F33EBB28ACD75000FA35C1 /* TemperaturePerDayCellModel.swift */; };
/* End PBXBuildFile section */

/* Begin PBXFileReference section */
		D3009FD528ABA3BD00236F44 /* WeatherApp.app */ = {isa = PBXFileReference; explicitFileType = wrapper.application; includeInIndex = 0; path = WeatherApp.app; sourceTree = BUILT_PRODUCTS_DIR; };
		D3009FD828ABA3BD00236F44 /* AppDelegate.swift */ = {isa = PBXFileReference; lastKnownFileType = sourcecode.swift; path = AppDelegate.swift; sourceTree = "<group>"; };
		D3009FDA28ABA3BD00236F44 /* SceneDelegate.swift */ = {isa = PBXFileReference; lastKnownFileType = sourcecode.swift; path = SceneDelegate.swift; sourceTree = "<group>"; };
		D3009FDF28ABA3BD00236F44 /* Base */ = {isa = PBXFileReference; lastKnownFileType = file.storyboard; name = Base; path = Base.lproj/Main.storyboard; sourceTree = "<group>"; };
		D3009FE228ABA3BD00236F44 /* WeatherApp.xcdatamodel */ = {isa = PBXFileReference; lastKnownFileType = wrapper.xcdatamodel; path = WeatherApp.xcdatamodel; sourceTree = "<group>"; };
		D3009FE428ABA3C100236F44 /* Assets.xcassets */ = {isa = PBXFileReference; lastKnownFileType = folder.assetcatalog; path = Assets.xcassets; sourceTree = "<group>"; };
		D3009FE728ABA3C100236F44 /* Base */ = {isa = PBXFileReference; lastKnownFileType = file.storyboard; name = Base; path = Base.lproj/LaunchScreen.storyboard; sourceTree = "<group>"; };
		D3009FE928ABA3C100236F44 /* Info.plist */ = {isa = PBXFileReference; lastKnownFileType = text.plist.xml; path = Info.plist; sourceTree = "<group>"; };
		D3009FEF28ABAFAE00236F44 /* CurrentWeatherViewController.swift */ = {isa = PBXFileReference; lastKnownFileType = sourcecode.swift; path = CurrentWeatherViewController.swift; sourceTree = "<group>"; };
		D3009FF128ABB58B00236F44 /* CurrentWeatherCell.swift */ = {isa = PBXFileReference; lastKnownFileType = sourcecode.swift; path = CurrentWeatherCell.swift; sourceTree = "<group>"; };
		D3009FF328ABC2DE00236F44 /* CurrentWeatherCellModel.swift */ = {isa = PBXFileReference; lastKnownFileType = sourcecode.swift; path = CurrentWeatherCellModel.swift; sourceTree = "<group>"; };
		D3009FF528ABC32000236F44 /* TableCellModelProtocol.swift */ = {isa = PBXFileReference; lastKnownFileType = sourcecode.swift; path = TableCellModelProtocol.swift; sourceTree = "<group>"; };
		D3009FF728ABC7B800236F44 /* DailyWeatherCell.swift */ = {isa = PBXFileReference; lastKnownFileType = sourcecode.swift; path = DailyWeatherCell.swift; sourceTree = "<group>"; };
		D3009FF928ABC82400236F44 /* DailyWeatherCellModel.swift */ = {isa = PBXFileReference; lastKnownFileType = sourcecode.swift; path = DailyWeatherCellModel.swift; sourceTree = "<group>"; };
		D3009FFB28ACC69500236F44 /* TemperaturePerDayCell.swift */ = {isa = PBXFileReference; lastKnownFileType = sourcecode.swift; path = TemperaturePerDayCell.swift; sourceTree = "<group>"; };
		D3009FFD28ACCC8C00236F44 /* TempForTheDayCollectionViewCell.swift */ = {isa = PBXFileReference; lastKnownFileType = sourcecode.swift; path = TempForTheDayCollectionViewCell.swift; sourceTree = "<group>"; };
		D300F71228AE1BC3000304B5 /* TempForTheDayCollectionViewCellModel.swift */ = {isa = PBXFileReference; lastKnownFileType = sourcecode.swift; path = TempForTheDayCollectionViewCellModel.swift; sourceTree = "<group>"; };
		D300F71428AE1D63000304B5 /* CollectionCellModelProtocol.swift */ = {isa = PBXFileReference; lastKnownFileType = sourcecode.swift; path = CollectionCellModelProtocol.swift; sourceTree = "<group>"; };
		D300F71728AE24C5000304B5 /* ApiError.swift */ = {isa = PBXFileReference; lastKnownFileType = sourcecode.swift; path = ApiError.swift; sourceTree = "<group>"; };
		D300F71928AE2519000304B5 /* ApiServiceError.swift */ = {isa = PBXFileReference; lastKnownFileType = sourcecode.swift; path = ApiServiceError.swift; sourceTree = "<group>"; };
		D300F71C28AE2646000304B5 /* EndpointProtocol.swift */ = {isa = PBXFileReference; lastKnownFileType = sourcecode.swift; path = EndpointProtocol.swift; sourceTree = "<group>"; };
		D300F71E28AE2699000304B5 /* WeatherEndpoint.swift */ = {isa = PBXFileReference; lastKnownFileType = sourcecode.swift; path = WeatherEndpoint.swift; sourceTree = "<group>"; };
		D300F72028AE2F09000304B5 /* CurrentWeatherModel.swift */ = {isa = PBXFileReference; lastKnownFileType = sourcecode.swift; path = CurrentWeatherModel.swift; sourceTree = "<group>"; };
		D300F72328AE3188000304B5 /* ApiService.swift */ = {isa = PBXFileReference; lastKnownFileType = sourcecode.swift; path = ApiService.swift; sourceTree = "<group>"; };
		D300F72528AE456F000304B5 /* WeatherService.swift */ = {isa = PBXFileReference; lastKnownFileType = sourcecode.swift; path = WeatherService.swift; sourceTree = "<group>"; };
		D300F72828AE4A42000304B5 /* ShowErrorAlert.swift */ = {isa = PBXFileReference; lastKnownFileType = sourcecode.swift; path = ShowErrorAlert.swift; sourceTree = "<group>"; };
		D3F33EBB28ACD75000FA35C1 /* TemperaturePerDayCellModel.swift */ = {isa = PBXFileReference; lastKnownFileType = sourcecode.swift; path = TemperaturePerDayCellModel.swift; sourceTree = "<group>"; };
/* End PBXFileReference section */

/* Begin PBXFrameworksBuildPhase section */
		D3009FD228ABA3BC00236F44 /* Frameworks */ = {
			isa = PBXFrameworksBuildPhase;
			buildActionMask = 2147483647;
			files = (
			);
			runOnlyForDeploymentPostprocessing = 0;
		};
/* End PBXFrameworksBuildPhase section */

/* Begin PBXGroup section */
		D3009FCC28ABA3BC00236F44 = {
			isa = PBXGroup;
			children = (
				D3009FD728ABA3BD00236F44 /* WeatherApp */,
				D3009FD628ABA3BD00236F44 /* Products */,
			);
			sourceTree = "<group>";
		};
		D3009FD628ABA3BD00236F44 /* Products */ = {
			isa = PBXGroup;
			children = (
				D3009FD528ABA3BD00236F44 /* WeatherApp.app */,
			);
			name = Products;
			sourceTree = "<group>";
		};
		D3009FD728ABA3BD00236F44 /* WeatherApp */ = {
			isa = PBXGroup;
			children = (
				D300F72728AE4A2C000304B5 /* Extension */,
				D300F72228AE3176000304B5 /* Services */,
				D300F71628AE24B5000304B5 /* Models */,
				D3F33EBA28ACD69000FA35C1 /* Controllers */,
				D3F33EB928ACD66700FA35C1 /* Cells */,
				D3F33EB828ACD64E00FA35C1 /* Protocol */,
				D3F33EB728ACD63A00FA35C1 /* Cell Model */,
				D3009FDA28ABA3BD00236F44 /* SceneDelegate.swift */,
				D3009FD828ABA3BD00236F44 /* AppDelegate.swift */,
				D3009FDE28ABA3BD00236F44 /* Main.storyboard */,
				D3009FE428ABA3C100236F44 /* Assets.xcassets */,
				D3009FE628ABA3C100236F44 /* LaunchScreen.storyboard */,
				D3009FE928ABA3C100236F44 /* Info.plist */,
				D3009FE128ABA3BD00236F44 /* WeatherApp.xcdatamodeld */,
			);
			path = WeatherApp;
			sourceTree = "<group>";
		};
		D300F71628AE24B5000304B5 /* Models */ = {
			isa = PBXGroup;
			children = (
				D300F71B28AE2550000304B5 /* Errors */,
				D300F71E28AE2699000304B5 /* WeatherEndpoint.swift */,
				D300F72028AE2F09000304B5 /* CurrentWeatherModel.swift */,
			);
			path = Models;
			sourceTree = "<group>";
		};
		D300F71B28AE2550000304B5 /* Errors */ = {
			isa = PBXGroup;
			children = (
				D300F71728AE24C5000304B5 /* ApiError.swift */,
				D300F71928AE2519000304B5 /* ApiServiceError.swift */,
			);
			path = Errors;
			sourceTree = "<group>";
		};
		D300F72228AE3176000304B5 /* Services */ = {
			isa = PBXGroup;
			children = (
				D300F72328AE3188000304B5 /* ApiService.swift */,
				D300F72528AE456F000304B5 /* WeatherService.swift */,
			);
			path = Services;
			sourceTree = "<group>";
		};
		D300F72728AE4A2C000304B5 /* Extension */ = {
			isa = PBXGroup;
			children = (
				D300F72828AE4A42000304B5 /* ShowErrorAlert.swift */,
			);
			path = Extension;
			sourceTree = "<group>";
		};
		D3F33EB728ACD63A00FA35C1 /* Cell Model */ = {
			isa = PBXGroup;
			children = (
				D3009FF928ABC82400236F44 /* DailyWeatherCellModel.swift */,
				D3009FF328ABC2DE00236F44 /* CurrentWeatherCellModel.swift */,
				D3F33EBB28ACD75000FA35C1 /* TemperaturePerDayCellModel.swift */,
				D300F71228AE1BC3000304B5 /* TempForTheDayCollectionViewCellModel.swift */,
			);
			path = "Cell Model";
			sourceTree = "<group>";
		};
		D3F33EB828ACD64E00FA35C1 /* Protocol */ = {
			isa = PBXGroup;
			children = (
				D3009FF528ABC32000236F44 /* TableCellModelProtocol.swift */,
				D300F71428AE1D63000304B5 /* CollectionCellModelProtocol.swift */,
				D300F71C28AE2646000304B5 /* EndpointProtocol.swift */,
			);
			path = Protocol;
			sourceTree = "<group>";
		};
		D3F33EB928ACD66700FA35C1 /* Cells */ = {
			isa = PBXGroup;
			children = (
				D3009FF128ABB58B00236F44 /* CurrentWeatherCell.swift */,
				D3009FFB28ACC69500236F44 /* TemperaturePerDayCell.swift */,
				D3009FF728ABC7B800236F44 /* DailyWeatherCell.swift */,
				D3009FFD28ACCC8C00236F44 /* TempForTheDayCollectionViewCell.swift */,
			);
			path = Cells;
			sourceTree = "<group>";
		};
		D3F33EBA28ACD69000FA35C1 /* Controllers */ = {
			isa = PBXGroup;
			children = (
				D3009FEF28ABAFAE00236F44 /* CurrentWeatherViewController.swift */,
			);
			path = Controllers;
			sourceTree = "<group>";
		};
/* End PBXGroup section */

/* Begin PBXNativeTarget section */
		D3009FD428ABA3BC00236F44 /* WeatherApp */ = {
			isa = PBXNativeTarget;
			buildConfigurationList = D3009FEC28ABA3C100236F44 /* Build configuration list for PBXNativeTarget "WeatherApp" */;
			buildPhases = (
				D3009FD128ABA3BC00236F44 /* Sources */,
				D3009FD228ABA3BC00236F44 /* Frameworks */,
				D3009FD328ABA3BC00236F44 /* Resources */,
			);
			buildRules = (
			);
			dependencies = (
			);
			name = WeatherApp;
			productName = WeatherApp;
			productReference = D3009FD528ABA3BD00236F44 /* WeatherApp.app */;
			productType = "com.apple.product-type.application";
		};
/* End PBXNativeTarget section */

/* Begin PBXProject section */
		D3009FCD28ABA3BC00236F44 /* Project object */ = {
			isa = PBXProject;
			attributes = {
				BuildIndependentTargetsInParallel = 1;
				LastSwiftUpdateCheck = 1330;
				LastUpgradeCheck = 1330;
				TargetAttributes = {
					D3009FD428ABA3BC00236F44 = {
						CreatedOnToolsVersion = 13.3;
					};
				};
			};
			buildConfigurationList = D3009FD028ABA3BC00236F44 /* Build configuration list for PBXProject "WeatherApp" */;
			compatibilityVersion = "Xcode 13.0";
			developmentRegion = en;
			hasScannedForEncodings = 0;
			knownRegions = (
				en,
				Base,
			);
			mainGroup = D3009FCC28ABA3BC00236F44;
			productRefGroup = D3009FD628ABA3BD00236F44 /* Products */;
			projectDirPath = "";
			projectRoot = "";
			targets = (
				D3009FD428ABA3BC00236F44 /* WeatherApp */,
			);
		};
/* End PBXProject section */

/* Begin PBXResourcesBuildPhase section */
		D3009FD328ABA3BC00236F44 /* Resources */ = {
			isa = PBXResourcesBuildPhase;
			buildActionMask = 2147483647;
			files = (
				D3009FE828ABA3C100236F44 /* LaunchScreen.storyboard in Resources */,
				D3009FE528ABA3C100236F44 /* Assets.xcassets in Resources */,
				D3009FE028ABA3BD00236F44 /* Main.storyboard in Resources */,
			);
			runOnlyForDeploymentPostprocessing = 0;
		};
/* End PBXResourcesBuildPhase section */

/* Begin PBXSourcesBuildPhase section */
		D3009FD128ABA3BC00236F44 /* Sources */ = {
			isa = PBXSourcesBuildPhase;
			buildActionMask = 2147483647;
			files = (
				D3009FF428ABC2DE00236F44 /* CurrentWeatherCellModel.swift in Sources */,
				D3009FFE28ACCC8C00236F44 /* TempForTheDayCollectionViewCell.swift in Sources */,
				D3009FE328ABA3BD00236F44 /* WeatherApp.xcdatamodeld in Sources */,
				D300F71528AE1D63000304B5 /* CollectionCellModelProtocol.swift in Sources */,
				D3F33EBC28ACD75000FA35C1 /* TemperaturePerDayCellModel.swift in Sources */,
				D300F71A28AE2519000304B5 /* ApiServiceError.swift in Sources */,
				D300F72428AE3188000304B5 /* ApiService.swift in Sources */,
				D300F71328AE1BC3000304B5 /* TempForTheDayCollectionViewCellModel.swift in Sources */,
				D3009FFA28ABC82400236F44 /* DailyWeatherCellModel.swift in Sources */,
				D3009FD928ABA3BD00236F44 /* AppDelegate.swift in Sources */,
				D300F71828AE24C5000304B5 /* ApiError.swift in Sources */,
				D3009FF228ABB58B00236F44 /* CurrentWeatherCell.swift in Sources */,
				D300F72928AE4A42000304B5 /* ShowErrorAlert.swift in Sources */,
				D300F71F28AE2699000304B5 /* WeatherEndpoint.swift in Sources */,
				D300F72628AE456F000304B5 /* WeatherService.swift in Sources */,
				D3009FF828ABC7B800236F44 /* DailyWeatherCell.swift in Sources */,
				D300F72128AE2F09000304B5 /* CurrentWeatherModel.swift in Sources */,
				D3009FDB28ABA3BD00236F44 /* SceneDelegate.swift in Sources */,
				D3009FFC28ACC69500236F44 /* TemperaturePerDayCell.swift in Sources */,
				D3009FF028ABAFAE00236F44 /* CurrentWeatherViewController.swift in Sources */,
				D3009FF628ABC32000236F44 /* TableCellModelProtocol.swift in Sources */,
				D300F71D28AE2646000304B5 /* EndpointProtocol.swift in Sources */,
			);
			runOnlyForDeploymentPostprocessing = 0;
		};
/* End PBXSourcesBuildPhase section */

/* Begin PBXVariantGroup section */
		D3009FDE28ABA3BD00236F44 /* Main.storyboard */ = {
			isa = PBXVariantGroup;
			children = (
				D3009FDF28ABA3BD00236F44 /* Base */,
			);
			name = Main.storyboard;
			sourceTree = "<group>";
		};
		D3009FE628ABA3C100236F44 /* LaunchScreen.storyboard */ = {
			isa = PBXVariantGroup;
			children = (
				D3009FE728ABA3C100236F44 /* Base */,
			);
			name = LaunchScreen.storyboard;
			sourceTree = "<group>";
		};
/* End PBXVariantGroup section */

/* Begin XCBuildConfiguration section */
		D3009FEA28ABA3C100236F44 /* Debug */ = {
			isa = XCBuildConfiguration;
			buildSettings = {
				ALWAYS_SEARCH_USER_PATHS = NO;
				CLANG_ANALYZER_NONNULL = YES;
				CLANG_ANALYZER_NUMBER_OBJECT_CONVERSION = YES_AGGRESSIVE;
				CLANG_CXX_LANGUAGE_STANDARD = "gnu++17";
				CLANG_ENABLE_MODULES = YES;
				CLANG_ENABLE_OBJC_ARC = YES;
				CLANG_ENABLE_OBJC_WEAK = YES;
				CLANG_WARN_BLOCK_CAPTURE_AUTORELEASING = YES;
				CLANG_WARN_BOOL_CONVERSION = YES;
				CLANG_WARN_COMMA = YES;
				CLANG_WARN_CONSTANT_CONVERSION = YES;
				CLANG_WARN_DEPRECATED_OBJC_IMPLEMENTATIONS = YES;
				CLANG_WARN_DIRECT_OBJC_ISA_USAGE = YES_ERROR;
				CLANG_WARN_DOCUMENTATION_COMMENTS = YES;
				CLANG_WARN_EMPTY_BODY = YES;
				CLANG_WARN_ENUM_CONVERSION = YES;
				CLANG_WARN_INFINITE_RECURSION = YES;
				CLANG_WARN_INT_CONVERSION = YES;
				CLANG_WARN_NON_LITERAL_NULL_CONVERSION = YES;
				CLANG_WARN_OBJC_IMPLICIT_RETAIN_SELF = YES;
				CLANG_WARN_OBJC_LITERAL_CONVERSION = YES;
				CLANG_WARN_OBJC_ROOT_CLASS = YES_ERROR;
				CLANG_WARN_QUOTED_INCLUDE_IN_FRAMEWORK_HEADER = YES;
				CLANG_WARN_RANGE_LOOP_ANALYSIS = YES;
				CLANG_WARN_STRICT_PROTOTYPES = YES;
				CLANG_WARN_SUSPICIOUS_MOVE = YES;
				CLANG_WARN_UNGUARDED_AVAILABILITY = YES_AGGRESSIVE;
				CLANG_WARN_UNREACHABLE_CODE = YES;
				CLANG_WARN__DUPLICATE_METHOD_MATCH = YES;
				COPY_PHASE_STRIP = NO;
				DEBUG_INFORMATION_FORMAT = dwarf;
				ENABLE_STRICT_OBJC_MSGSEND = YES;
				ENABLE_TESTABILITY = YES;
				GCC_C_LANGUAGE_STANDARD = gnu11;
				GCC_DYNAMIC_NO_PIC = NO;
				GCC_NO_COMMON_BLOCKS = YES;
				GCC_OPTIMIZATION_LEVEL = 0;
				GCC_PREPROCESSOR_DEFINITIONS = (
					"DEBUG=1",
					"$(inherited)",
				);
				GCC_WARN_64_TO_32_BIT_CONVERSION = YES;
				GCC_WARN_ABOUT_RETURN_TYPE = YES_ERROR;
				GCC_WARN_UNDECLARED_SELECTOR = YES;
				GCC_WARN_UNINITIALIZED_AUTOS = YES_AGGRESSIVE;
				GCC_WARN_UNUSED_FUNCTION = YES;
				GCC_WARN_UNUSED_VARIABLE = YES;
				IPHONEOS_DEPLOYMENT_TARGET = 15.4;
				MTL_ENABLE_DEBUG_INFO = INCLUDE_SOURCE;
				MTL_FAST_MATH = YES;
				ONLY_ACTIVE_ARCH = YES;
				SDKROOT = iphoneos;
				SWIFT_ACTIVE_COMPILATION_CONDITIONS = DEBUG;
				SWIFT_OPTIMIZATION_LEVEL = "-Onone";
			};
			name = Debug;
		};
		D3009FEB28ABA3C100236F44 /* Release */ = {
			isa = XCBuildConfiguration;
			buildSettings = {
				ALWAYS_SEARCH_USER_PATHS = NO;
				CLANG_ANALYZER_NONNULL = YES;
				CLANG_ANALYZER_NUMBER_OBJECT_CONVERSION = YES_AGGRESSIVE;
				CLANG_CXX_LANGUAGE_STANDARD = "gnu++17";
				CLANG_ENABLE_MODULES = YES;
				CLANG_ENABLE_OBJC_ARC = YES;
				CLANG_ENABLE_OBJC_WEAK = YES;
				CLANG_WARN_BLOCK_CAPTURE_AUTORELEASING = YES;
				CLANG_WARN_BOOL_CONVERSION = YES;
				CLANG_WARN_COMMA = YES;
				CLANG_WARN_CONSTANT_CONVERSION = YES;
				CLANG_WARN_DEPRECATED_OBJC_IMPLEMENTATIONS = YES;
				CLANG_WARN_DIRECT_OBJC_ISA_USAGE = YES_ERROR;
				CLANG_WARN_DOCUMENTATION_COMMENTS = YES;
				CLANG_WARN_EMPTY_BODY = YES;
				CLANG_WARN_ENUM_CONVERSION = YES;
				CLANG_WARN_INFINITE_RECURSION = YES;
				CLANG_WARN_INT_CONVERSION = YES;
				CLANG_WARN_NON_LITERAL_NULL_CONVERSION = YES;
				CLANG_WARN_OBJC_IMPLICIT_RETAIN_SELF = YES;
				CLANG_WARN_OBJC_LITERAL_CONVERSION = YES;
				CLANG_WARN_OBJC_ROOT_CLASS = YES_ERROR;
				CLANG_WARN_QUOTED_INCLUDE_IN_FRAMEWORK_HEADER = YES;
				CLANG_WARN_RANGE_LOOP_ANALYSIS = YES;
				CLANG_WARN_STRICT_PROTOTYPES = YES;
				CLANG_WARN_SUSPICIOUS_MOVE = YES;
				CLANG_WARN_UNGUARDED_AVAILABILITY = YES_AGGRESSIVE;
				CLANG_WARN_UNREACHABLE_CODE = YES;
				CLANG_WARN__DUPLICATE_METHOD_MATCH = YES;
				COPY_PHASE_STRIP = NO;
				DEBUG_INFORMATION_FORMAT = "dwarf-with-dsym";
				ENABLE_NS_ASSERTIONS = NO;
				ENABLE_STRICT_OBJC_MSGSEND = YES;
				GCC_C_LANGUAGE_STANDARD = gnu11;
				GCC_NO_COMMON_BLOCKS = YES;
				GCC_WARN_64_TO_32_BIT_CONVERSION = YES;
				GCC_WARN_ABOUT_RETURN_TYPE = YES_ERROR;
				GCC_WARN_UNDECLARED_SELECTOR = YES;
				GCC_WARN_UNINITIALIZED_AUTOS = YES_AGGRESSIVE;
				GCC_WARN_UNUSED_FUNCTION = YES;
				GCC_WARN_UNUSED_VARIABLE = YES;
				IPHONEOS_DEPLOYMENT_TARGET = 15.4;
				MTL_ENABLE_DEBUG_INFO = NO;
				MTL_FAST_MATH = YES;
				SDKROOT = iphoneos;
				SWIFT_COMPILATION_MODE = wholemodule;
				SWIFT_OPTIMIZATION_LEVEL = "-O";
				VALIDATE_PRODUCT = YES;
			};
			name = Release;
		};
		D3009FED28ABA3C100236F44 /* Debug */ = {
			isa = XCBuildConfiguration;
			buildSettings = {
				ASSETCATALOG_COMPILER_APPICON_NAME = AppIcon;
				ASSETCATALOG_COMPILER_GLOBAL_ACCENT_COLOR_NAME = AccentColor;
				CODE_SIGN_STYLE = Automatic;
				CURRENT_PROJECT_VERSION = 1;
				GENERATE_INFOPLIST_FILE = YES;
				INFOPLIST_FILE = WeatherApp/Info.plist;
				INFOPLIST_KEY_UIApplicationSupportsIndirectInputEvents = YES;
				INFOPLIST_KEY_UILaunchStoryboardName = LaunchScreen;
				INFOPLIST_KEY_UIMainStoryboardFile = Main;
				INFOPLIST_KEY_UISupportedInterfaceOrientations = UIInterfaceOrientationPortrait;
				INFOPLIST_KEY_UISupportedInterfaceOrientations_iPad = "UIInterfaceOrientationPortrait UIInterfaceOrientationPortraitUpsideDown UIInterfaceOrientationLandscapeLeft UIInterfaceOrientationLandscapeRight";
				INFOPLIST_KEY_UISupportedInterfaceOrientations_iPhone = "UIInterfaceOrientationPortrait UIInterfaceOrientationLandscapeLeft UIInterfaceOrientationLandscapeRight";
				LD_RUNPATH_SEARCH_PATHS = (
					"$(inherited)",
					"@executable_path/Frameworks",
				);
				MARKETING_VERSION = 1.0;
				PRODUCT_BUNDLE_IDENTIFIER = com.shibaevaSvetlana.WeatherApp;
				PRODUCT_NAME = "$(TARGET_NAME)";
				SWIFT_EMIT_LOC_STRINGS = YES;
				SWIFT_VERSION = 5.0;
				TARGETED_DEVICE_FAMILY = "1,2";
			};
			name = Debug;
		};
		D3009FEE28ABA3C100236F44 /* Release */ = {
			isa = XCBuildConfiguration;
			buildSettings = {
				ASSETCATALOG_COMPILER_APPICON_NAME = AppIcon;
				ASSETCATALOG_COMPILER_GLOBAL_ACCENT_COLOR_NAME = AccentColor;
				CODE_SIGN_STYLE = Automatic;
				CURRENT_PROJECT_VERSION = 1;
				GENERATE_INFOPLIST_FILE = YES;
				INFOPLIST_FILE = WeatherApp/Info.plist;
				INFOPLIST_KEY_UIApplicationSupportsIndirectInputEvents = YES;
				INFOPLIST_KEY_UILaunchStoryboardName = LaunchScreen;
				INFOPLIST_KEY_UIMainStoryboardFile = Main;
				INFOPLIST_KEY_UISupportedInterfaceOrientations = UIInterfaceOrientationPortrait;
				INFOPLIST_KEY_UISupportedInterfaceOrientations_iPad = "UIInterfaceOrientationPortrait UIInterfaceOrientationPortraitUpsideDown UIInterfaceOrientationLandscapeLeft UIInterfaceOrientationLandscapeRight";
				INFOPLIST_KEY_UISupportedInterfaceOrientations_iPhone = "UIInterfaceOrientationPortrait UIInterfaceOrientationLandscapeLeft UIInterfaceOrientationLandscapeRight";
				LD_RUNPATH_SEARCH_PATHS = (
					"$(inherited)",
					"@executable_path/Frameworks",
				);
				MARKETING_VERSION = 1.0;
				PRODUCT_BUNDLE_IDENTIFIER = com.shibaevaSvetlana.WeatherApp;
				PRODUCT_NAME = "$(TARGET_NAME)";
				SWIFT_EMIT_LOC_STRINGS = YES;
				SWIFT_VERSION = 5.0;
				TARGETED_DEVICE_FAMILY = "1,2";
			};
			name = Release;
		};
/* End XCBuildConfiguration section */

/* Begin XCConfigurationList section */
		D3009FD028ABA3BC00236F44 /* Build configuration list for PBXProject "WeatherApp" */ = {
			isa = XCConfigurationList;
			buildConfigurations = (
				D3009FEA28ABA3C100236F44 /* Debug */,
				D3009FEB28ABA3C100236F44 /* Release */,
			);
			defaultConfigurationIsVisible = 0;
			defaultConfigurationName = Release;
		};
		D3009FEC28ABA3C100236F44 /* Build configuration list for PBXNativeTarget "WeatherApp" */ = {
			isa = XCConfigurationList;
			buildConfigurations = (
				D3009FED28ABA3C100236F44 /* Debug */,
				D3009FEE28ABA3C100236F44 /* Release */,
			);
			defaultConfigurationIsVisible = 0;
			defaultConfigurationName = Release;
		};
/* End XCConfigurationList section */

/* Begin XCVersionGroup section */
		D3009FE128ABA3BD00236F44 /* WeatherApp.xcdatamodeld */ = {
			isa = XCVersionGroup;
			children = (
				D3009FE228ABA3BD00236F44 /* WeatherApp.xcdatamodel */,
			);
			currentVersion = D3009FE228ABA3BD00236F44 /* WeatherApp.xcdatamodel */;
			path = WeatherApp.xcdatamodeld;
			sourceTree = "<group>";
			versionGroupType = wrapper.xcdatamodel;
		};
/* End XCVersionGroup section */
	};
	rootObject = D3009FCD28ABA3BC00236F44 /* Project object */;
}
